
Microsoft Visual Studio Solution File, Format Version 12.00
# Visual Studio 15
VisualStudioVersion = 15.0.26124.0
MinimumVisualStudioVersion = 15.0.26124.0
Project("{FAE04EC0-301F-11D3-BF4B-00C04F79EFBC}") = "domain", "domain\domain.csproj", "{8CFCDF74-C98D-4574-8932-8093BE230CA4}"
EndProject
Project("{FAE04EC0-301F-11D3-BF4B-00C04F79EFBC}") = "API", "API\API.csproj", "{58E5CAF5-3AD8-4E09-98DF-14272AFAE2C5}"
EndProject
Project("{FAE04EC0-301F-11D3-BF4B-00C04F79EFBC}") = "Persistance", "Persistance\Persistance.csproj", "{56837546-FC5B-4702-BFBB-AEC4E2868836}"
EndProject
Project("{FAE04EC0-301F-11D3-BF4B-00C04F79EFBC}") = "Application", "Application\Application.csproj", "{7ABD7312-9024-4FC0-BEDC-69E32647DE97}"
EndProject
Global
	GlobalSection(SolutionConfigurationPlatforms) = preSolution
		Debug|Any CPU = Debug|Any CPU
		Debug|x64 = Debug|x64
		Debug|x86 = Debug|x86
		Release|Any CPU = Release|Any CPU
		Release|x64 = Release|x64
		Release|x86 = Release|x86
	EndGlobalSection
	GlobalSection(SolutionProperties) = preSolution
		HideSolutionNode = FALSE
	EndGlobalSection
	GlobalSection(ProjectConfigurationPlatforms) = postSolution
		{8CFCDF74-C98D-4574-8932-8093BE230CA4}.Debug|Any CPU.ActiveCfg = Debug|Any CPU
		{8CFCDF74-C98D-4574-8932-8093BE230CA4}.Debug|Any CPU.Build.0 = Debug|Any CPU
		{8CFCDF74-C98D-4574-8932-8093BE230CA4}.Debug|x64.ActiveCfg = Debug|Any CPU
		{8CFCDF74-C98D-4574-8932-8093BE230CA4}.Debug|x64.Build.0 = Debug|Any CPU
		{8CFCDF74-C98D-4574-8932-8093BE230CA4}.Debug|x86.ActiveCfg = Debug|Any CPU
		{8CFCDF74-C98D-4574-8932-8093BE230CA4}.Debug|x86.Build.0 = Debug|Any CPU
		{8CFCDF74-C98D-4574-8932-8093BE230CA4}.Release|Any CPU.ActiveCfg = Release|Any CPU
		{8CFCDF74-C98D-4574-8932-8093BE230CA4}.Release|Any CPU.Build.0 = Release|Any CPU
		{8CFCDF74-C98D-4574-8932-8093BE230CA4}.Release|x64.ActiveCfg = Release|Any CPU
		{8CFCDF74-C98D-4574-8932-8093BE230CA4}.Release|x64.Build.0 = Release|Any CPU
		{8CFCDF74-C98D-4574-8932-8093BE230CA4}.Release|x86.ActiveCfg = Release|Any CPU
		{8CFCDF74-C98D-4574-8932-8093BE230CA4}.Release|x86.Build.0 = Release|Any CPU
		{58E5CAF5-3AD8-4E09-98DF-14272AFAE2C5}.Debug|Any CPU.ActiveCfg = Debug|Any CPU
		{58E5CAF5-3AD8-4E09-98DF-14272AFAE2C5}.Debug|Any CPU.Build.0 = Debug|Any CPU
		{58E5CAF5-3AD8-4E09-98DF-14272AFAE2C5}.Debug|x64.ActiveCfg = Debug|Any CPU
		{58E5CAF5-3AD8-4E09-98DF-14272AFAE2C5}.Debug|x64.Build.0 = Debug|Any CPU
		{58E5CAF5-3AD8-4E09-98DF-14272AFAE2C5}.Debug|x86.ActiveCfg = Debug|Any CPU
		{58E5CAF5-3AD8-4E09-98DF-14272AFAE2C5}.Debug|x86.Build.0 = Debug|Any CPU
		{58E5CAF5-3AD8-4E09-98DF-14272AFAE2C5}.Release|Any CPU.ActiveCfg = Release|Any CPU
		{58E5CAF5-3AD8-4E09-98DF-14272AFAE2C5}.Release|Any CPU.Build.0 = Release|Any CPU
		{58E5CAF5-3AD8-4E09-98DF-14272AFAE2C5}.Release|x64.ActiveCfg = Release|Any CPU
		{58E5CAF5-3AD8-4E09-98DF-14272AFAE2C5}.Release|x64.Build.0 = Release|Any CPU
		{58E5CAF5-3AD8-4E09-98DF-14272AFAE2C5}.Release|x86.ActiveCfg = Release|Any CPU
		{58E5CAF5-3AD8-4E09-98DF-14272AFAE2C5}.Release|x86.Build.0 = Release|Any CPU
		{56837546-FC5B-4702-BFBB-AEC4E2868836}.Debug|Any CPU.ActiveCfg = Debug|Any CPU
		{56837546-FC5B-4702-BFBB-AEC4E2868836}.Debug|Any CPU.Build.0 = Debug|Any CPU
		{56837546-FC5B-4702-BFBB-AEC4E2868836}.Debug|x64.ActiveCfg = Debug|Any CPU
		{56837546-FC5B-4702-BFBB-AEC4E2868836}.Debug|x64.Build.0 = Debug|Any CPU
		{56837546-FC5B-4702-BFBB-AEC4E2868836}.Debug|x86.ActiveCfg = Debug|Any CPU
		{56837546-FC5B-4702-BFBB-AEC4E2868836}.Debug|x86.Build.0 = Debug|Any CPU
		{56837546-FC5B-4702-BFBB-AEC4E2868836}.Release|Any CPU.ActiveCfg = Release|Any CPU
		{56837546-FC5B-4702-BFBB-AEC4E2868836}.Release|Any CPU.Build.0 = Release|Any CPU
		{56837546-FC5B-4702-BFBB-AEC4E2868836}.Release|x64.ActiveCfg = Release|Any CPU
		{56837546-FC5B-4702-BFBB-AEC4E2868836}.Release|x64.Build.0 = Release|Any CPU
		{56837546-FC5B-4702-BFBB-AEC4E2868836}.Release|x86.ActiveCfg = Release|Any CPU
		{56837546-FC5B-4702-BFBB-AEC4E2868836}.Release|x86.Build.0 = Release|Any CPU
		{7ABD7312-9024-4FC0-BEDC-69E32647DE97}.Debug|Any CPU.ActiveCfg = Debug|Any CPU
		{7ABD7312-9024-4FC0-BEDC-69E32647DE97}.Debug|Any CPU.Build.0 = Debug|Any CPU
		{7ABD7312-9024-4FC0-BEDC-69E32647DE97}.Debug|x64.ActiveCfg = Debug|Any CPU
		{7ABD7312-9024-4FC0-BEDC-69E32647DE97}.Debug|x64.Build.0 = Debug|Any CPU
		{7ABD7312-9024-4FC0-BEDC-69E32647DE97}.Debug|x86.ActiveCfg = Debug|Any CPU
		{7ABD7312-9024-4FC0-BEDC-69E32647DE97}.Debug|x86.Build.0 = Debug|Any CPU
		{7ABD7312-9024-4FC0-BEDC-69E32647DE97}.Release|Any CPU.ActiveCfg = Release|Any CPU
		{7ABD7312-9024-4FC0-BEDC-69E32647DE97}.Release|Any CPU.Build.0 = Release|Any CPU
		{7ABD7312-9024-4FC0-BEDC-69E32647DE97}.Release|x64.ActiveCfg = Release|Any CPU
		{7ABD7312-9024-4FC0-BEDC-69E32647DE97}.Release|x64.Build.0 = Release|Any CPU
		{7ABD7312-9024-4FC0-BEDC-69E32647DE97}.Release|x86.ActiveCfg = Release|Any CPU
		{7ABD7312-9024-4FC0-BEDC-69E32647DE97}.Release|x86.Build.0 = Release|Any CPU
	EndGlobalSection
EndGlobal
